// !$*UTF8*$!
{
	archiveVersion = 1;
	classes = {
	};
	objectVersion = 51;
	objects = {

/* Begin PBXBuildFile section */
		46121F202242B58100FB69DF /* CFBaseTableView.swift in Sources */ = {isa = PBXBuildFile; fileRef = 46121F1F2242B58100FB69DF /* CFBaseTableView.swift */; };
		46121F232242C16000FB69DF /* CFCommentPostVC.swift in Sources */ = {isa = PBXBuildFile; fileRef = 46121F212242C16000FB69DF /* CFCommentPostVC.swift */; };
		46121F242242C16000FB69DF /* CFCommentPostVC.xib in Resources */ = {isa = PBXBuildFile; fileRef = 46121F222242C16000FB69DF /* CFCommentPostVC.xib */; };
		46121F262242C20200FB69DF /* CFCommentTableView.swift in Sources */ = {isa = PBXBuildFile; fileRef = 46121F252242C20200FB69DF /* CFCommentTableView.swift */; };
		46121F2C2242C5F300FB69DF /* CFCommentCell.swift in Sources */ = {isa = PBXBuildFile; fileRef = 46121F2B2242C5F300FB69DF /* CFCommentCell.swift */; };
		46121F2E2242C7AD00FB69DF /* CFCommentsTableHeaderView.swift in Sources */ = {isa = PBXBuildFile; fileRef = 46121F2D2242C7AD00FB69DF /* CFCommentsTableHeaderView.swift */; };
		46121F302242C7FE00FB69DF /* CFCommentsTableHeaderView.xib in Resources */ = {isa = PBXBuildFile; fileRef = 46121F2F2242C7FE00FB69DF /* CFCommentsTableHeaderView.xib */; };
		46198A402241831A00F95157 /* CFFloatingButton.swift in Sources */ = {isa = PBXBuildFile; fileRef = 46198A3F2241831A00F95157 /* CFFloatingButton.swift */; };
		46198A432241851200F95157 /* CFCreatePostVC.swift in Sources */ = {isa = PBXBuildFile; fileRef = 46198A412241851200F95157 /* CFCreatePostVC.swift */; };
		46198A442241851200F95157 /* CFCreatePostVC.xib in Resources */ = {isa = PBXBuildFile; fileRef = 46198A422241851200F95157 /* CFCreatePostVC.xib */; };
		4666518122886D9C0013AF53 /* CFCaptureImageVC.swift in Sources */ = {isa = PBXBuildFile; fileRef = 4666517F22886D9C0013AF53 /* CFCaptureImageVC.swift */; };
		4666518222886D9C0013AF53 /* CFCaptureImageVC.xib in Resources */ = {isa = PBXBuildFile; fileRef = 4666518022886D9C0013AF53 /* CFCaptureImageVC.xib */; };
		4666518522886E8B0013AF53 /* CFCameraController.swift in Sources */ = {isa = PBXBuildFile; fileRef = 4666518422886E8B0013AF53 /* CFCameraController.swift */; };
		46930B5922A425A000CA33E3 /* secret.json in Resources */ = {isa = PBXBuildFile; fileRef = 46930B5822A425A000CA33E3 /* secret.json */; };
		46930B5C22A42A7400CA33E3 /* CFColor.swift in Sources */ = {isa = PBXBuildFile; fileRef = 46930B5A22A42A7400CA33E3 /* CFColor.swift */; };
		46930B5D22A42A7400CA33E3 /* CFSettingsParser.swift in Sources */ = {isa = PBXBuildFile; fileRef = 46930B5B22A42A7400CA33E3 /* CFSettingsParser.swift */; };
		46930B6022A43BB600CA33E3 /* CFPost.swift in Sources */ = {isa = PBXBuildFile; fileRef = 46930B5E22A43BB600CA33E3 /* CFPost.swift */; };
		46930B6122A43BB600CA33E3 /* CFPostParser.swift in Sources */ = {isa = PBXBuildFile; fileRef = 46930B5F22A43BB600CA33E3 /* CFPostParser.swift */; };
		46930B6422A43FF900CA33E3 /* CFComment.swift in Sources */ = {isa = PBXBuildFile; fileRef = 46930B6222A43FF900CA33E3 /* CFComment.swift */; };
		46930B6522A43FF900CA33E3 /* CFCommentsParser.swift in Sources */ = {isa = PBXBuildFile; fileRef = 46930B6322A43FF900CA33E3 /* CFCommentsParser.swift */; };
		46997CFA2290338A004B6B7D /* video.mp4 in Resources */ = {isa = PBXBuildFile; fileRef = 46997CF922903389004B6B7D /* video.mp4 */; };
		46B919B92233FFAD0076FCA7 /* AppDelegate.swift in Sources */ = {isa = PBXBuildFile; fileRef = 46B919B82233FFAD0076FCA7 /* AppDelegate.swift */; };
		46B919C02233FFB50076FCA7 /* Assets.xcassets in Resources */ = {isa = PBXBuildFile; fileRef = 46B919BF2233FFB50076FCA7 /* Assets.xcassets */; };
		46B919C32233FFB50076FCA7 /* LaunchScreen.storyboard in Resources */ = {isa = PBXBuildFile; fileRef = 46B919C12233FFB50076FCA7 /* LaunchScreen.storyboard */; };
		46B919D1223407E50076FCA7 /* CFHomeVC.swift in Sources */ = {isa = PBXBuildFile; fileRef = 46B919CF223407E50076FCA7 /* CFHomeVC.swift */; };
		46B919D2223407E50076FCA7 /* CFHomeVC.xib in Resources */ = {isa = PBXBuildFile; fileRef = 46B919D0223407E50076FCA7 /* CFHomeVC.xib */; };
		46B919D5223408780076FCA7 /* CFForumCell.swift in Sources */ = {isa = PBXBuildFile; fileRef = 46B919D3223408780076FCA7 /* CFForumCell.swift */; };
		46B919D6223408780076FCA7 /* CFForumCell.xib in Resources */ = {isa = PBXBuildFile; fileRef = 46B919D4223408780076FCA7 /* CFForumCell.xib */; };
		46B919D82234098E0076FCA7 /* CFForumTableView.swift in Sources */ = {isa = PBXBuildFile; fileRef = 46B919D72234098E0076FCA7 /* CFForumTableView.swift */; };
		46B919DD22340AB40076FCA7 /* CFDataController.swift in Sources */ = {isa = PBXBuildFile; fileRef = 46B919DC22340AB40076FCA7 /* CFDataController.swift */; };
		46B919DF22340B450076FCA7 /* CFBaseVC.swift in Sources */ = {isa = PBXBuildFile; fileRef = 46B919DE22340B450076FCA7 /* CFBaseVC.swift */; };
		46B919E422342B7E0076FCA7 /* CFPostsParser.swift in Sources */ = {isa = PBXBuildFile; fileRef = 46B919E222342B7E0076FCA7 /* CFPostsParser.swift */; };
		46B919E722342E510076FCA7 /* Extensions.swift in Sources */ = {isa = PBXBuildFile; fileRef = 46B919E622342E510076FCA7 /* Extensions.swift */; };
		46D183C222ABD73800B52C72 /* CFLike.swift in Sources */ = {isa = PBXBuildFile; fileRef = 46D183C122ABD73800B52C72 /* CFLike.swift */; };
		46D183C422ABD74100B52C72 /* CFDislike.swift in Sources */ = {isa = PBXBuildFile; fileRef = 46D183C322ABD74100B52C72 /* CFDislike.swift */; };
		AE6772F6EED3B471DC23912E /* Pods_chatForum_app.framework in Frameworks */ = {isa = PBXBuildFile; fileRef = 31F1BC325A451CF6E88A940A /* Pods_chatForum_app.framework */; };
/* End PBXBuildFile section */

/* Begin PBXFileReference section */
		03E6C8AEBCB43CDDA63B5F35 /* Pods_ChatForum.framework */ = {isa = PBXFileReference; explicitFileType = wrapper.framework; includeInIndex = 0; path = Pods_ChatForum.framework; sourceTree = BUILT_PRODUCTS_DIR; };
		31F1BC325A451CF6E88A940A /* Pods_chatForum_app.framework */ = {isa = PBXFileReference; explicitFileType = wrapper.framework; includeInIndex = 0; path = Pods_chatForum_app.framework; sourceTree = BUILT_PRODUCTS_DIR; };
		3AD8EACD0E77A3B342DE34B4 /* Pods-ChatForum.debug.xcconfig */ = {isa = PBXFileReference; includeInIndex = 1; lastKnownFileType = text.xcconfig; name = "Pods-ChatForum.debug.xcconfig"; path = "Target Support Files/Pods-ChatForum/Pods-ChatForum.debug.xcconfig"; sourceTree = "<group>"; };
		46121F1F2242B58100FB69DF /* CFBaseTableView.swift */ = {isa = PBXFileReference; lastKnownFileType = sourcecode.swift; path = CFBaseTableView.swift; sourceTree = "<group>"; };
		46121F212242C16000FB69DF /* CFCommentPostVC.swift */ = {isa = PBXFileReference; lastKnownFileType = sourcecode.swift; path = CFCommentPostVC.swift; sourceTree = "<group>"; };
		46121F222242C16000FB69DF /* CFCommentPostVC.xib */ = {isa = PBXFileReference; lastKnownFileType = file.xib; path = CFCommentPostVC.xib; sourceTree = "<group>"; };
		46121F252242C20200FB69DF /* CFCommentTableView.swift */ = {isa = PBXFileReference; lastKnownFileType = sourcecode.swift; path = CFCommentTableView.swift; sourceTree = "<group>"; };
		46121F2B2242C5F300FB69DF /* CFCommentCell.swift */ = {isa = PBXFileReference; lastKnownFileType = sourcecode.swift; path = CFCommentCell.swift; sourceTree = "<group>"; };
		46121F2D2242C7AD00FB69DF /* CFCommentsTableHeaderView.swift */ = {isa = PBXFileReference; lastKnownFileType = sourcecode.swift; path = CFCommentsTableHeaderView.swift; sourceTree = "<group>"; };
		46121F2F2242C7FE00FB69DF /* CFCommentsTableHeaderView.xib */ = {isa = PBXFileReference; lastKnownFileType = file.xib; path = CFCommentsTableHeaderView.xib; sourceTree = "<group>"; };
		46198A3F2241831A00F95157 /* CFFloatingButton.swift */ = {isa = PBXFileReference; lastKnownFileType = sourcecode.swift; path = CFFloatingButton.swift; sourceTree = "<group>"; };
		46198A412241851200F95157 /* CFCreatePostVC.swift */ = {isa = PBXFileReference; lastKnownFileType = sourcecode.swift; path = CFCreatePostVC.swift; sourceTree = "<group>"; };
		46198A422241851200F95157 /* CFCreatePostVC.xib */ = {isa = PBXFileReference; lastKnownFileType = file.xib; path = CFCreatePostVC.xib; sourceTree = "<group>"; };
		4666517F22886D9C0013AF53 /* CFCaptureImageVC.swift */ = {isa = PBXFileReference; lastKnownFileType = sourcecode.swift; path = CFCaptureImageVC.swift; sourceTree = "<group>"; };
		4666518022886D9C0013AF53 /* CFCaptureImageVC.xib */ = {isa = PBXFileReference; lastKnownFileType = file.xib; path = CFCaptureImageVC.xib; sourceTree = "<group>"; };
		4666518422886E8B0013AF53 /* CFCameraController.swift */ = {isa = PBXFileReference; lastKnownFileType = sourcecode.swift; path = CFCameraController.swift; sourceTree = "<group>"; };
		46930B5822A425A000CA33E3 /* secret.json */ = {isa = PBXFileReference; lastKnownFileType = text.json; path = secret.json; sourceTree = "<group>"; xcLanguageSpecificationIdentifier = xcode.lang.json; };
		46930B5A22A42A7400CA33E3 /* CFColor.swift */ = {isa = PBXFileReference; fileEncoding = 4; lastKnownFileType = sourcecode.swift; path = CFColor.swift; sourceTree = "<group>"; };
		46930B5B22A42A7400CA33E3 /* CFSettingsParser.swift */ = {isa = PBXFileReference; fileEncoding = 4; lastKnownFileType = sourcecode.swift; path = CFSettingsParser.swift; sourceTree = "<group>"; };
		46930B5E22A43BB600CA33E3 /* CFPost.swift */ = {isa = PBXFileReference; fileEncoding = 4; lastKnownFileType = sourcecode.swift; path = CFPost.swift; sourceTree = "<group>"; };
		46930B5F22A43BB600CA33E3 /* CFPostParser.swift */ = {isa = PBXFileReference; fileEncoding = 4; lastKnownFileType = sourcecode.swift; path = CFPostParser.swift; sourceTree = "<group>"; };
		46930B6222A43FF900CA33E3 /* CFComment.swift */ = {isa = PBXFileReference; fileEncoding = 4; lastKnownFileType = sourcecode.swift; path = CFComment.swift; sourceTree = "<group>"; };
		46930B6322A43FF900CA33E3 /* CFCommentsParser.swift */ = {isa = PBXFileReference; fileEncoding = 4; lastKnownFileType = sourcecode.swift; path = CFCommentsParser.swift; sourceTree = "<group>"; };
		46997CF922903389004B6B7D /* video.mp4 */ = {isa = PBXFileReference; lastKnownFileType = file; path = video.mp4; sourceTree = "<group>"; };
		46B919B52233FFAD0076FCA7 /* chatForum-app.app */ = {isa = PBXFileReference; explicitFileType = wrapper.application; includeInIndex = 0; path = "chatForum-app.app"; sourceTree = BUILT_PRODUCTS_DIR; };
		46B919B82233FFAD0076FCA7 /* AppDelegate.swift */ = {isa = PBXFileReference; lastKnownFileType = sourcecode.swift; path = AppDelegate.swift; sourceTree = "<group>"; };
		46B919BF2233FFB50076FCA7 /* Assets.xcassets */ = {isa = PBXFileReference; lastKnownFileType = folder.assetcatalog; path = Assets.xcassets; sourceTree = "<group>"; };
		46B919C22233FFB50076FCA7 /* Base */ = {isa = PBXFileReference; lastKnownFileType = file.storyboard; name = Base; path = Base.lproj/LaunchScreen.storyboard; sourceTree = "<group>"; };
		46B919C42233FFB50076FCA7 /* Info.plist */ = {isa = PBXFileReference; lastKnownFileType = text.plist.xml; path = Info.plist; sourceTree = "<group>"; };
		46B919CF223407E50076FCA7 /* CFHomeVC.swift */ = {isa = PBXFileReference; lastKnownFileType = sourcecode.swift; path = CFHomeVC.swift; sourceTree = "<group>"; };
		46B919D0223407E50076FCA7 /* CFHomeVC.xib */ = {isa = PBXFileReference; lastKnownFileType = file.xib; path = CFHomeVC.xib; sourceTree = "<group>"; };
		46B919D3223408780076FCA7 /* CFForumCell.swift */ = {isa = PBXFileReference; lastKnownFileType = sourcecode.swift; path = CFForumCell.swift; sourceTree = "<group>"; };
		46B919D4223408780076FCA7 /* CFForumCell.xib */ = {isa = PBXFileReference; lastKnownFileType = file.xib; path = CFForumCell.xib; sourceTree = "<group>"; };
		46B919D72234098E0076FCA7 /* CFForumTableView.swift */ = {isa = PBXFileReference; lastKnownFileType = sourcecode.swift; path = CFForumTableView.swift; sourceTree = "<group>"; };
		46B919DC22340AB40076FCA7 /* CFDataController.swift */ = {isa = PBXFileReference; lastKnownFileType = sourcecode.swift; path = CFDataController.swift; sourceTree = "<group>"; };
		46B919DE22340B450076FCA7 /* CFBaseVC.swift */ = {isa = PBXFileReference; lastKnownFileType = sourcecode.swift; path = CFBaseVC.swift; sourceTree = "<group>"; };
		46B919E222342B7E0076FCA7 /* CFPostsParser.swift */ = {isa = PBXFileReference; fileEncoding = 4; lastKnownFileType = sourcecode.swift; path = CFPostsParser.swift; sourceTree = "<group>"; };
		46B919E622342E510076FCA7 /* Extensions.swift */ = {isa = PBXFileReference; lastKnownFileType = sourcecode.swift; path = Extensions.swift; sourceTree = "<group>"; };
		46D183C122ABD73800B52C72 /* CFLike.swift */ = {isa = PBXFileReference; lastKnownFileType = sourcecode.swift; path = CFLike.swift; sourceTree = "<group>"; };
		46D183C322ABD74100B52C72 /* CFDislike.swift */ = {isa = PBXFileReference; lastKnownFileType = sourcecode.swift; path = CFDislike.swift; sourceTree = "<group>"; };
		7301D3B8F982F52D8370FD92 /* Pods-chatForum-app.release.xcconfig */ = {isa = PBXFileReference; includeInIndex = 1; lastKnownFileType = text.xcconfig; name = "Pods-chatForum-app.release.xcconfig"; path = "Target Support Files/Pods-chatForum-app/Pods-chatForum-app.release.xcconfig"; sourceTree = "<group>"; };
		CC07B512A3A7B0DB80264A4A /* Pods-chatForum-app.debug.xcconfig */ = {isa = PBXFileReference; includeInIndex = 1; lastKnownFileType = text.xcconfig; name = "Pods-chatForum-app.debug.xcconfig"; path = "Target Support Files/Pods-chatForum-app/Pods-chatForum-app.debug.xcconfig"; sourceTree = "<group>"; };
		CCBD582EBFB4E31E79A6A269 /* Pods-ChatForum.release.xcconfig */ = {isa = PBXFileReference; includeInIndex = 1; lastKnownFileType = text.xcconfig; name = "Pods-ChatForum.release.xcconfig"; path = "Target Support Files/Pods-ChatForum/Pods-ChatForum.release.xcconfig"; sourceTree = "<group>"; };
/* End PBXFileReference section */

/* Begin PBXFrameworksBuildPhase section */
		46B919B22233FFAD0076FCA7 /* Frameworks */ = {
			isa = PBXFrameworksBuildPhase;
			buildActionMask = 2147483647;
			files = (
				AE6772F6EED3B471DC23912E /* Pods_chatForum_app.framework in Frameworks */,
			);
			runOnlyForDeploymentPostprocessing = 0;
		};
/* End PBXFrameworksBuildPhase section */

/* Begin PBXGroup section */
		46121F182242B04800FB69DF /* Home */ = {
			isa = PBXGroup;
			children = (
				46B919CF223407E50076FCA7 /* CFHomeVC.swift */,
				46B919D0223407E50076FCA7 /* CFHomeVC.xib */,
				46B919D3223408780076FCA7 /* CFForumCell.swift */,
				46B919D4223408780076FCA7 /* CFForumCell.xib */,
			);
			path = Home;
			sourceTree = "<group>";
		};
		46121F192242B05000FB69DF /* CreatePost */ = {
			isa = PBXGroup;
			children = (
				46198A412241851200F95157 /* CFCreatePostVC.swift */,
				46198A422241851200F95157 /* CFCreatePostVC.xib */,
			);
			path = CreatePost;
			sourceTree = "<group>";
		};
		46121F1A2242B05900FB69DF /* CommentPost */ = {
			isa = PBXGroup;
			children = (
				46121F212242C16000FB69DF /* CFCommentPostVC.swift */,
				46121F222242C16000FB69DF /* CFCommentPostVC.xib */,
				46121F2B2242C5F300FB69DF /* CFCommentCell.swift */,
				46121F2D2242C7AD00FB69DF /* CFCommentsTableHeaderView.swift */,
				46121F2F2242C7FE00FB69DF /* CFCommentsTableHeaderView.xib */,
			);
			path = CommentPost;
			sourceTree = "<group>";
		};
		46121F1B2242B06E00FB69DF /* Base */ = {
			isa = PBXGroup;
			children = (
				46B919DE22340B450076FCA7 /* CFBaseVC.swift */,
			);
			path = Base;
			sourceTree = "<group>";
		};
		46121F1C2242B08000FB69DF /* TableViews */ = {
			isa = PBXGroup;
			children = (
				46B919D72234098E0076FCA7 /* CFForumTableView.swift */,
				46121F1F2242B58100FB69DF /* CFBaseTableView.swift */,
				46121F252242C20200FB69DF /* CFCommentTableView.swift */,
			);
			path = TableViews;
			sourceTree = "<group>";
		};
		46198A3D2241830200F95157 /* CustomViews */ = {
			isa = PBXGroup;
			children = (
				46121F1C2242B08000FB69DF /* TableViews */,
				46198A3E2241830700F95157 /* Buttons */,
			);
			path = CustomViews;
			sourceTree = "<group>";
		};
		46198A3E2241830700F95157 /* Buttons */ = {
			isa = PBXGroup;
			children = (
				46198A3F2241831A00F95157 /* CFFloatingButton.swift */,
			);
			path = Buttons;
			sourceTree = "<group>";
		};
		4666517E22886D870013AF53 /* CaptureImage */ = {
			isa = PBXGroup;
			children = (
				4666517F22886D9C0013AF53 /* CFCaptureImageVC.swift */,
				4666518022886D9C0013AF53 /* CFCaptureImageVC.xib */,
			);
			path = CaptureImage;
			sourceTree = "<group>";
		};
		4666518322886E7A0013AF53 /* Camera */ = {
			isa = PBXGroup;
			children = (
				4666518422886E8B0013AF53 /* CFCameraController.swift */,
			);
			path = Camera;
			sourceTree = "<group>";
		};
		46B919AC2233FFAD0076FCA7 = {
			isa = PBXGroup;
			children = (
				46B919B72233FFAD0076FCA7 /* chatForum-app */,
				46B919B62233FFAD0076FCA7 /* Products */,
				B9FBA21690BFC79C5862D83A /* Pods */,
				D9AC7BD33B62D30738012ED8 /* Frameworks */,
			);
			sourceTree = "<group>";
		};
		46B919B62233FFAD0076FCA7 /* Products */ = {
			isa = PBXGroup;
			children = (
				46B919B52233FFAD0076FCA7 /* chatForum-app.app */,
			);
			name = Products;
			sourceTree = "<group>";
		};
		46B919B72233FFAD0076FCA7 /* chatForum-app */ = {
			isa = PBXGroup;
			children = (
				46198A3D2241830200F95157 /* CustomViews */,
				46B919DA22340AA00076FCA7 /* Controller */,
				46B919D922340A9A0076FCA7 /* Model */,
				46B919CA2234078C0076FCA7 /* VCs */,
				46B919B82233FFAD0076FCA7 /* AppDelegate.swift */,
				46B919BF2233FFB50076FCA7 /* Assets.xcassets */,
				46997CF922903389004B6B7D /* video.mp4 */,
				46B919C12233FFB50076FCA7 /* LaunchScreen.storyboard */,
				46B919C42233FFB50076FCA7 /* Info.plist */,
				46B919E622342E510076FCA7 /* Extensions.swift */,
				46930B5822A425A000CA33E3 /* secret.json */,
			);
			path = "chatForum-app";
			sourceTree = "<group>";
		};
		46B919CA2234078C0076FCA7 /* VCs */ = {
			isa = PBXGroup;
			children = (
				4666517E22886D870013AF53 /* CaptureImage */,
				46121F1B2242B06E00FB69DF /* Base */,
				46121F1A2242B05900FB69DF /* CommentPost */,
				46121F192242B05000FB69DF /* CreatePost */,
				46121F182242B04800FB69DF /* Home */,
			);
			path = VCs;
			sourceTree = "<group>";
		};
		46B919D922340A9A0076FCA7 /* Model */ = {
			isa = PBXGroup;
			children = (
				46930B6222A43FF900CA33E3 /* CFComment.swift */,
				46930B6322A43FF900CA33E3 /* CFCommentsParser.swift */,
				46930B5E22A43BB600CA33E3 /* CFPost.swift */,
				46930B5F22A43BB600CA33E3 /* CFPostParser.swift */,
				46930B5A22A42A7400CA33E3 /* CFColor.swift */,
				46930B5B22A42A7400CA33E3 /* CFSettingsParser.swift */,
				46B919E222342B7E0076FCA7 /* CFPostsParser.swift */,
				46D183C122ABD73800B52C72 /* CFLike.swift */,
				46D183C322ABD74100B52C72 /* CFDislike.swift */,
			);
			path = Model;
			sourceTree = "<group>";
		};
		46B919DA22340AA00076FCA7 /* Controller */ = {
			isa = PBXGroup;
			children = (
				4666518322886E7A0013AF53 /* Camera */,
				46B919DB22340AA70076FCA7 /* Data */,
			);
			path = Controller;
			sourceTree = "<group>";
		};
		46B919DB22340AA70076FCA7 /* Data */ = {
			isa = PBXGroup;
			children = (
				46B919DC22340AB40076FCA7 /* CFDataController.swift */,
			);
			path = Data;
			sourceTree = "<group>";
		};
		B9FBA21690BFC79C5862D83A /* Pods */ = {
			isa = PBXGroup;
			children = (
				3AD8EACD0E77A3B342DE34B4 /* Pods-ChatForum.debug.xcconfig */,
				CCBD582EBFB4E31E79A6A269 /* Pods-ChatForum.release.xcconfig */,
				CC07B512A3A7B0DB80264A4A /* Pods-chatForum-app.debug.xcconfig */,
				7301D3B8F982F52D8370FD92 /* Pods-chatForum-app.release.xcconfig */,
			);
			path = Pods;
			sourceTree = "<group>";
		};
		D9AC7BD33B62D30738012ED8 /* Frameworks */ = {
			isa = PBXGroup;
			children = (
				03E6C8AEBCB43CDDA63B5F35 /* Pods_ChatForum.framework */,
				31F1BC325A451CF6E88A940A /* Pods_chatForum_app.framework */,
			);
			name = Frameworks;
			sourceTree = "<group>";
		};
/* End PBXGroup section */

/* Begin PBXNativeTarget section */
		46B919B42233FFAD0076FCA7 /* chatForum-app */ = {
			isa = PBXNativeTarget;
			buildConfigurationList = 46B919C72233FFB50076FCA7 /* Build configuration list for PBXNativeTarget "chatForum-app" */;
			buildPhases = (
				C3E57D70639BB58E1FB23DCB /* [CP] Check Pods Manifest.lock */,
				46B919B12233FFAD0076FCA7 /* Sources */,
				46B919B22233FFAD0076FCA7 /* Frameworks */,
				46B919B32233FFAD0076FCA7 /* Resources */,
				A4288C88BA50874569960DA7 /* [CP] Embed Pods Frameworks */,
			);
			buildRules = (
			);
			dependencies = (
			);
			name = "chatForum-app";
			productName = ChatForum;
			productReference = 46B919B52233FFAD0076FCA7 /* chatForum-app.app */;
			productType = "com.apple.product-type.application";
		};
/* End PBXNativeTarget section */

/* Begin PBXProject section */
		46B919AD2233FFAD0076FCA7 /* Project object */ = {
			isa = PBXProject;
			attributes = {
				CLASSPREFIX = CF;
				LastSwiftUpdateCheck = 1010;
				LastUpgradeCheck = 1010;
				ORGANIZATIONNAME = "David Buhauer";
				TargetAttributes = {
					46B919B42233FFAD0076FCA7 = {
						CreatedOnToolsVersion = 10.1;
					};
				};
			};
			buildConfigurationList = 46B919B02233FFAD0076FCA7 /* Build configuration list for PBXProject "chatForum-app" */;
			compatibilityVersion = "Xcode 9.3";
			developmentRegion = en;
			hasScannedForEncodings = 0;
			knownRegions = (
				en,
				Base,
			);
			mainGroup = 46B919AC2233FFAD0076FCA7;
			productRefGroup = 46B919B62233FFAD0076FCA7 /* Products */;
			projectDirPath = "";
			projectRoot = "";
			targets = (
				46B919B42233FFAD0076FCA7 /* chatForum-app */,
			);
		};
/* End PBXProject section */

/* Begin PBXResourcesBuildPhase section */
		46B919B32233FFAD0076FCA7 /* Resources */ = {
			isa = PBXResourcesBuildPhase;
			buildActionMask = 2147483647;
			files = (
				46930B5922A425A000CA33E3 /* secret.json in Resources */,
				46B919D2223407E50076FCA7 /* CFHomeVC.xib in Resources */,
				46997CFA2290338A004B6B7D /* video.mp4 in Resources */,
				46B919C32233FFB50076FCA7 /* LaunchScreen.storyboard in Resources */,
				46121F302242C7FE00FB69DF /* CFCommentsTableHeaderView.xib in Resources */,
				46B919D6223408780076FCA7 /* CFForumCell.xib in Resources */,
				46121F242242C16000FB69DF /* CFCommentPostVC.xib in Resources */,
				46B919C02233FFB50076FCA7 /* Assets.xcassets in Resources */,
				4666518222886D9C0013AF53 /* CFCaptureImageVC.xib in Resources */,
				46198A442241851200F95157 /* CFCreatePostVC.xib in Resources */,
			);
			runOnlyForDeploymentPostprocessing = 0;
		};
/* End PBXResourcesBuildPhase section */

/* Begin PBXShellScriptBuildPhase section */
		A4288C88BA50874569960DA7 /* [CP] Embed Pods Frameworks */ = {
			isa = PBXShellScriptBuildPhase;
			buildActionMask = 2147483647;
			files = (
			);
			inputFileListPaths = (
				"${PODS_ROOT}/Target Support Files/Pods-chatForum-app/Pods-chatForum-app-frameworks-${CONFIGURATION}-input-files.xcfilelist",
			);
			name = "[CP] Embed Pods Frameworks";
			outputFileListPaths = (
				"${PODS_ROOT}/Target Support Files/Pods-chatForum-app/Pods-chatForum-app-frameworks-${CONFIGURATION}-output-files.xcfilelist",
			);
			runOnlyForDeploymentPostprocessing = 0;
			shellPath = /bin/sh;
			shellScript = "\"${PODS_ROOT}/Target Support Files/Pods-chatForum-app/Pods-chatForum-app-frameworks.sh\"\n";
			showEnvVarsInLog = 0;
		};
		C3E57D70639BB58E1FB23DCB /* [CP] Check Pods Manifest.lock */ = {
			isa = PBXShellScriptBuildPhase;
			buildActionMask = 2147483647;
			files = (
			);
			inputFileListPaths = (
			);
			inputPaths = (
				"${PODS_PODFILE_DIR_PATH}/Podfile.lock",
				"${PODS_ROOT}/Manifest.lock",
			);
			name = "[CP] Check Pods Manifest.lock";
			outputFileListPaths = (
			);
			outputPaths = (
				"$(DERIVED_FILE_DIR)/Pods-chatForum-app-checkManifestLockResult.txt",
			);
			runOnlyForDeploymentPostprocessing = 0;
			shellPath = /bin/sh;
			shellScript = "diff \"${PODS_PODFILE_DIR_PATH}/Podfile.lock\" \"${PODS_ROOT}/Manifest.lock\" > /dev/null\nif [ $? != 0 ] ; then\n    # print error to STDERR\n    echo \"error: The sandbox is not in sync with the Podfile.lock. Run 'pod install' or update your CocoaPods installation.\" >&2\n    exit 1\nfi\n# This output is used by Xcode 'outputs' to avoid re-running this script phase.\necho \"SUCCESS\" > \"${SCRIPT_OUTPUT_FILE_0}\"\n";
			showEnvVarsInLog = 0;
		};
/* End PBXShellScriptBuildPhase section */

/* Begin PBXSourcesBuildPhase section */
		46B919B12233FFAD0076FCA7 /* Sources */ = {
			isa = PBXSourcesBuildPhase;
			buildActionMask = 2147483647;
			files = (
				4666518122886D9C0013AF53 /* CFCaptureImageVC.swift in Sources */,
				46B919D1223407E50076FCA7 /* CFHomeVC.swift in Sources */,
				46930B6522A43FF900CA33E3 /* CFCommentsParser.swift in Sources */,
				46121F2C2242C5F300FB69DF /* CFCommentCell.swift in Sources */,
				46B919E722342E510076FCA7 /* Extensions.swift in Sources */,
				46D183C222ABD73800B52C72 /* CFLike.swift in Sources */,
				46121F262242C20200FB69DF /* CFCommentTableView.swift in Sources */,
				4666518522886E8B0013AF53 /* CFCameraController.swift in Sources */,
				46B919DD22340AB40076FCA7 /* CFDataController.swift in Sources */,
				46121F232242C16000FB69DF /* CFCommentPostVC.swift in Sources */,
				46198A432241851200F95157 /* CFCreatePostVC.swift in Sources */,
				46930B6022A43BB600CA33E3 /* CFPost.swift in Sources */,
				46930B6422A43FF900CA33E3 /* CFComment.swift in Sources */,
				46B919D5223408780076FCA7 /* CFForumCell.swift in Sources */,
				46930B5D22A42A7400CA33E3 /* CFSettingsParser.swift in Sources */,
				46930B6122A43BB600CA33E3 /* CFPostParser.swift in Sources */,
				46198A402241831A00F95157 /* CFFloatingButton.swift in Sources */,
				46121F202242B58100FB69DF /* CFBaseTableView.swift in Sources */,
				46930B5C22A42A7400CA33E3 /* CFColor.swift in Sources */,
				46121F2E2242C7AD00FB69DF /* CFCommentsTableHeaderView.swift in Sources */,
				46D183C422ABD74100B52C72 /* CFDislike.swift in Sources */,
				46B919D82234098E0076FCA7 /* CFForumTableView.swift in Sources */,
				46B919DF22340B450076FCA7 /* CFBaseVC.swift in Sources */,
				46B919B92233FFAD0076FCA7 /* AppDelegate.swift in Sources */,
				46B919E422342B7E0076FCA7 /* CFPostsParser.swift in Sources */,
			);
			runOnlyForDeploymentPostprocessing = 0;
		};
/* End PBXSourcesBuildPhase section */

/* Begin PBXVariantGroup section */
		46B919C12233FFB50076FCA7 /* LaunchScreen.storyboard */ = {
			isa = PBXVariantGroup;
			children = (
				46B919C22233FFB50076FCA7 /* Base */,
			);
			name = LaunchScreen.storyboard;
			sourceTree = "<group>";
		};
/* End PBXVariantGroup section */

/* Begin XCBuildConfiguration section */
		46B919C52233FFB50076FCA7 /* Debug */ = {
			isa = XCBuildConfiguration;
			buildSettings = {
				ALWAYS_SEARCH_USER_PATHS = NO;
				CLANG_ANALYZER_NONNULL = YES;
				CLANG_ANALYZER_NUMBER_OBJECT_CONVERSION = YES_AGGRESSIVE;
				CLANG_CXX_LANGUAGE_STANDARD = "gnu++14";
				CLANG_CXX_LIBRARY = "libc++";
				CLANG_ENABLE_MODULES = YES;
				CLANG_ENABLE_OBJC_ARC = YES;
				CLANG_ENABLE_OBJC_WEAK = YES;
				CLANG_WARN_BLOCK_CAPTURE_AUTORELEASING = YES;
				CLANG_WARN_BOOL_CONVERSION = YES;
				CLANG_WARN_COMMA = YES;
				CLANG_WARN_CONSTANT_CONVERSION = YES;
				CLANG_WARN_DEPRECATED_OBJC_IMPLEMENTATIONS = YES;
				CLANG_WARN_DIRECT_OBJC_ISA_USAGE = YES_ERROR;
				CLANG_WARN_DOCUMENTATION_COMMENTS = YES;
				CLANG_WARN_EMPTY_BODY = YES;
				CLANG_WARN_ENUM_CONVERSION = YES;
				CLANG_WARN_INFINITE_RECURSION = YES;
				CLANG_WARN_INT_CONVERSION = YES;
				CLANG_WARN_NON_LITERAL_NULL_CONVERSION = YES;
				CLANG_WARN_OBJC_IMPLICIT_RETAIN_SELF = YES;
				CLANG_WARN_OBJC_LITERAL_CONVERSION = YES;
				CLANG_WARN_OBJC_ROOT_CLASS = YES_ERROR;
				CLANG_WARN_RANGE_LOOP_ANALYSIS = YES;
				CLANG_WARN_STRICT_PROTOTYPES = YES;
				CLANG_WARN_SUSPICIOUS_MOVE = YES;
				CLANG_WARN_UNGUARDED_AVAILABILITY = YES_AGGRESSIVE;
				CLANG_WARN_UNREACHABLE_CODE = YES;
				CLANG_WARN__DUPLICATE_METHOD_MATCH = YES;
				CODE_SIGN_IDENTITY = "iPhone Developer";
				COPY_PHASE_STRIP = NO;
				DEBUG_INFORMATION_FORMAT = dwarf;
				ENABLE_STRICT_OBJC_MSGSEND = YES;
				ENABLE_TESTABILITY = YES;
				GCC_C_LANGUAGE_STANDARD = gnu11;
				GCC_DYNAMIC_NO_PIC = NO;
				GCC_NO_COMMON_BLOCKS = YES;
				GCC_OPTIMIZATION_LEVEL = 0;
				GCC_PREPROCESSOR_DEFINITIONS = (
					"DEBUG=1",
					"$(inherited)",
				);
				GCC_WARN_64_TO_32_BIT_CONVERSION = YES;
				GCC_WARN_ABOUT_RETURN_TYPE = YES_ERROR;
				GCC_WARN_UNDECLARED_SELECTOR = YES;
				GCC_WARN_UNINITIALIZED_AUTOS = YES_AGGRESSIVE;
				GCC_WARN_UNUSED_FUNCTION = YES;
				GCC_WARN_UNUSED_VARIABLE = YES;
				IPHONEOS_DEPLOYMENT_TARGET = 12.1;
				MTL_ENABLE_DEBUG_INFO = INCLUDE_SOURCE;
				MTL_FAST_MATH = YES;
				ONLY_ACTIVE_ARCH = YES;
				SDKROOT = iphoneos;
				SWIFT_ACTIVE_COMPILATION_CONDITIONS = DEBUG;
				SWIFT_OPTIMIZATION_LEVEL = "-Onone";
			};
			name = Debug;
		};
		46B919C62233FFB50076FCA7 /* Release */ = {
			isa = XCBuildConfiguration;
			buildSettings = {
				ALWAYS_SEARCH_USER_PATHS = NO;
				CLANG_ANALYZER_NONNULL = YES;
				CLANG_ANALYZER_NUMBER_OBJECT_CONVERSION = YES_AGGRESSIVE;
				CLANG_CXX_LANGUAGE_STANDARD = "gnu++14";
				CLANG_CXX_LIBRARY = "libc++";
				CLANG_ENABLE_MODULES = YES;
				CLANG_ENABLE_OBJC_ARC = YES;
				CLANG_ENABLE_OBJC_WEAK = YES;
				CLANG_WARN_BLOCK_CAPTURE_AUTORELEASING = YES;
				CLANG_WARN_BOOL_CONVERSION = YES;
				CLANG_WARN_COMMA = YES;
				CLANG_WARN_CONSTANT_CONVERSION = YES;
				CLANG_WARN_DEPRECATED_OBJC_IMPLEMENTATIONS = YES;
				CLANG_WARN_DIRECT_OBJC_ISA_USAGE = YES_ERROR;
				CLANG_WARN_DOCUMENTATION_COMMENTS = YES;
				CLANG_WARN_EMPTY_BODY = YES;
				CLANG_WARN_ENUM_CONVERSION = YES;
				CLANG_WARN_INFINITE_RECURSION = YES;
				CLANG_WARN_INT_CONVERSION = YES;
				CLANG_WARN_NON_LITERAL_NULL_CONVERSION = YES;
				CLANG_WARN_OBJC_IMPLICIT_RETAIN_SELF = YES;
				CLANG_WARN_OBJC_LITERAL_CONVERSION = YES;
				CLANG_WARN_OBJC_ROOT_CLASS = YES_ERROR;
				CLANG_WARN_RANGE_LOOP_ANALYSIS = YES;
				CLANG_WARN_STRICT_PROTOTYPES = YES;
				CLANG_WARN_SUSPICIOUS_MOVE = YES;
				CLANG_WARN_UNGUARDED_AVAILABILITY = YES_AGGRESSIVE;
				CLANG_WARN_UNREACHABLE_CODE = YES;
				CLANG_WARN__DUPLICATE_METHOD_MATCH = YES;
				CODE_SIGN_IDENTITY = "iPhone Developer";
				COPY_PHASE_STRIP = NO;
				DEBUG_INFORMATION_FORMAT = "dwarf-with-dsym";
				ENABLE_NS_ASSERTIONS = NO;
				ENABLE_STRICT_OBJC_MSGSEND = YES;
				GCC_C_LANGUAGE_STANDARD = gnu11;
				GCC_NO_COMMON_BLOCKS = YES;
				GCC_WARN_64_TO_32_BIT_CONVERSION = YES;
				GCC_WARN_ABOUT_RETURN_TYPE = YES_ERROR;
				GCC_WARN_UNDECLARED_SELECTOR = YES;
				GCC_WARN_UNINITIALIZED_AUTOS = YES_AGGRESSIVE;
				GCC_WARN_UNUSED_FUNCTION = YES;
				GCC_WARN_UNUSED_VARIABLE = YES;
				IPHONEOS_DEPLOYMENT_TARGET = 12.1;
				MTL_ENABLE_DEBUG_INFO = NO;
				MTL_FAST_MATH = YES;
				SDKROOT = iphoneos;
				SWIFT_COMPILATION_MODE = wholemodule;
				SWIFT_OPTIMIZATION_LEVEL = "-O";
				VALIDATE_PRODUCT = YES;
			};
			name = Release;
		};
		46B919C82233FFB50076FCA7 /* Debug */ = {
			isa = XCBuildConfiguration;
			baseConfigurationReference = CC07B512A3A7B0DB80264A4A /* Pods-chatForum-app.debug.xcconfig */;
			buildSettings = {
				ASSETCATALOG_COMPILER_APPICON_NAME = AppIcon;
				CODE_SIGN_STYLE = Automatic;
				DEVELOPMENT_TEAM = WC3CDPK7H2;
				INFOPLIST_FILE = "$(SRCROOT)/chatForum-app/Info.plist";
				LD_RUNPATH_SEARCH_PATHS = (
					"$(inherited)",
					"@executable_path/Frameworks",
				);
				PRODUCT_BUNDLE_IDENTIFIER = com.dabdeveloper.ChatForum;
				PRODUCT_NAME = "$(TARGET_NAME)";
				SWIFT_VERSION = 5.0;
				TARGETED_DEVICE_FAMILY = 1;
			};
			name = Debug;
		};
		46B919C92233FFB50076FCA7 /* Release */ = {
			isa = XCBuildConfiguration;
			baseConfigurationReference = 7301D3B8F982F52D8370FD92 /* Pods-chatForum-app.release.xcconfig */;
			buildSettings = {
				ASSETCATALOG_COMPILER_APPICON_NAME = AppIcon;
				CODE_SIGN_STYLE = Automatic;
				DEVELOPMENT_TEAM = WC3CDPK7H2;
				INFOPLIST_FILE = "$(SRCROOT)/chatForum-app/Info.plist";
				LD_RUNPATH_SEARCH_PATHS = (
					"$(inherited)",
					"@executable_path/Frameworks",
				);
				PRODUCT_BUNDLE_IDENTIFIER = com.dabdeveloper.ChatForum;
				PRODUCT_NAME = "$(TARGET_NAME)";
				SWIFT_VERSION = 5.0;
				TARGETED_DEVICE_FAMILY = 1;
			};
			name = Release;
		};
/* End XCBuildConfiguration section */

/* Begin XCConfigurationList section */
		46B919B02233FFAD0076FCA7 /* Build configuration list for PBXProject "chatForum-app" */ = {
			isa = XCConfigurationList;
			buildConfigurations = (
				46B919C52233FFB50076FCA7 /* Debug */,
				46B919C62233FFB50076FCA7 /* Release */,
			);
			defaultConfigurationIsVisible = 0;
			defaultConfigurationName = Release;
		};
		46B919C72233FFB50076FCA7 /* Build configuration list for PBXNativeTarget "chatForum-app" */ = {
			isa = XCConfigurationList;
			buildConfigurations = (
				46B919C82233FFB50076FCA7 /* Debug */,
				46B919C92233FFB50076FCA7 /* Release */,
			);
			defaultConfigurationIsVisible = 0;
			defaultConfigurationName = Release;
		};
/* End XCConfigurationList section */
	};
	rootObject = 46B919AD2233FFAD0076FCA7 /* Project object */;
}
